
Microsoft Visual Studio Solution File, Format Version 12.00
Project("{FAE04EC0-301F-11D3-BF4B-00C04F79EFBC}") = "Cli", "Cli\Cli.csproj", "{D396FA55-1493-4D2B-BFAB-EAD4AEE1AF82}"
EndProject
Project("{FAE04EC0-301F-11D3-BF4B-00C04F79EFBC}") = "Domain", "Domain\Domain.csproj", "{9107EF26-422E-4671-B816-A2F84870B7F2}"
EndProject
Project("{FAE04EC0-301F-11D3-BF4B-00C04F79EFBC}") = "Business", "Business\Business.csproj", "{FB4DA555-C2FD-477F-8B37-A85D3A5D2595}"
EndProject
Project("{FAE04EC0-301F-11D3-BF4B-00C04F79EFBC}") = "Tests", "Tests\Tests.csproj", "{A9480CE7-0609-4B82-893F-F14A25CA99D7}"
EndProject
Global
	GlobalSection(SolutionConfigurationPlatforms) = preSolution
		Debug|Any CPU = Debug|Any CPU
		Release|Any CPU = Release|Any CPU
	EndGlobalSection
	GlobalSection(ProjectConfigurationPlatforms) = postSolution
		{D396FA55-1493-4D2B-BFAB-EAD4AEE1AF82}.Debug|Any CPU.ActiveCfg = Debug|Any CPU
		{D396FA55-1493-4D2B-BFAB-EAD4AEE1AF82}.Debug|Any CPU.Build.0 = Debug|Any CPU
		{D396FA55-1493-4D2B-BFAB-EAD4AEE1AF82}.Release|Any CPU.ActiveCfg = Release|Any CPU
		{D396FA55-1493-4D2B-BFAB-EAD4AEE1AF82}.Release|Any CPU.Build.0 = Release|Any CPU
		{9107EF26-422E-4671-B816-A2F84870B7F2}.Debug|Any CPU.ActiveCfg = Debug|Any CPU
		{9107EF26-422E-4671-B816-A2F84870B7F2}.Debug|Any CPU.Build.0 = Debug|Any CPU
		{9107EF26-422E-4671-B816-A2F84870B7F2}.Release|Any CPU.ActiveCfg = Release|Any CPU
		{9107EF26-422E-4671-B816-A2F84870B7F2}.Release|Any CPU.Build.0 = Release|Any CPU
		{FB4DA555-C2FD-477F-8B37-A85D3A5D2595}.Debug|Any CPU.ActiveCfg = Debug|Any CPU
		{FB4DA555-C2FD-477F-8B37-A85D3A5D2595}.Debug|Any CPU.Build.0 = Debug|Any CPU
		{FB4DA555-C2FD-477F-8B37-A85D3A5D2595}.Release|Any CPU.ActiveCfg = Release|Any CPU
		{FB4DA555-C2FD-477F-8B37-A85D3A5D2595}.Release|Any CPU.Build.0 = Release|Any CPU
		{A9480CE7-0609-4B82-893F-F14A25CA99D7}.Debug|Any CPU.ActiveCfg = Debug|Any CPU
		{A9480CE7-0609-4B82-893F-F14A25CA99D7}.Debug|Any CPU.Build.0 = Debug|Any CPU
		{A9480CE7-0609-4B82-893F-F14A25CA99D7}.Release|Any CPU.ActiveCfg = Release|Any CPU
		{A9480CE7-0609-4B82-893F-F14A25CA99D7}.Release|Any CPU.Build.0 = Release|Any CPU
	EndGlobalSection
EndGlobal
